
Microsoft Visual Studio Solution File, Format Version 12.00
# Visual Studio 14
VisualStudioVersion = 14.0.25420.1
MinimumVisualStudioVersion = 10.0.40219.1
Project("{FAE04EC0-301F-11D3-BF4B-00C04F79EFBC}") = "ConversionFromHTMLtoDOC", "ConversionFromHTMLtoDOC\ConversionFromHTMLtoDOC.csproj", "{DC631CA7-B6F0-44DD-B86B-B428F79832C0}"
EndProject
Project("{FAE04EC0-301F-11D3-BF4B-00C04F79EFBC}") = "ConsoleApplication1", "ConsoleApplication1\ConsoleApplication1.csproj", "{4975E1CA-4BAC-4103-B600-0A7BF5486984}"
EndProject
Global
	GlobalSection(SolutionConfigurationPlatforms) = preSolution
		Debug|Any CPU = Debug|Any CPU
		Release|Any CPU = Release|Any CPU
	EndGlobalSection
	GlobalSection(ProjectConfigurationPlatforms) = postSolution
		{DC631CA7-B6F0-44DD-B86B-B428F79832C0}.Debug|Any CPU.ActiveCfg = Debug|Any CPU
		{DC631CA7-B6F0-44DD-B86B-B428F79832C0}.Debug|Any CPU.Build.0 = Debug|Any CPU
		{DC631CA7-B6F0-44DD-B86B-B428F79832C0}.Release|Any CPU.ActiveCfg = Release|Any CPU
		{DC631CA7-B6F0-44DD-B86B-B428F79832C0}.Release|Any CPU.Build.0 = Release|Any CPU
		{4975E1CA-4BAC-4103-B600-0A7BF5486984}.Debug|Any CPU.ActiveCfg = Debug|Any CPU
		{4975E1CA-4BAC-4103-B600-0A7BF5486984}.Debug|Any CPU.Build.0 = Debug|Any CPU
		{4975E1CA-4BAC-4103-B600-0A7BF5486984}.Release|Any CPU.ActiveCfg = Release|Any CPU
		{4975E1CA-4BAC-4103-B600-0A7BF5486984}.Release|Any CPU.Build.0 = Release|Any CPU
	EndGlobalSection
	GlobalSection(SolutionProperties) = preSolution
		HideSolutionNode = FALSE
	EndGlobalSection
EndGlobal
